<?xml version="1.0" encoding="utf-8"?>
<Project ToolsVersion="4.0" xmlns="http://schemas.microsoft.com/developer/msbuild/2003">
  <ItemGroup>
    <Filter Include="src">
      <UniqueIdentifier>{2DAB880B-99B4-887C-2230-9F7C8E38947C}</UniqueIdentifier>
    </Filter>
    <Filter Include="src\Contexts">
      <UniqueIdentifier>{545BECEA-40BE-7B8F-E943-B445D5854712}</UniqueIdentifier>
    </Filter>
    <Filter Include="src\Contexts\OpenGL">
      <UniqueIdentifier>{087E0EB8-74DF-EBC5-FD4C-327869AD2285}</UniqueIdentifier>
    </Filter>
    <Filter Include="src\Elysium">
      <UniqueIdentifier>{249427D1-9049-A0C6-193E-9A9D85F296CA}</UniqueIdentifier>
    </Filter>
    <Filter Include="src\Elysium\Core">
      <UniqueIdentifier>{FCEE7634-E8E7-9586-111A-7B0BFD717592}</UniqueIdentifier>
    </Filter>
    <Filter Include="src\Elysium\Events">
      <UniqueIdentifier>{88AF1033-7493-D188-DDF3-CBDBC9F6BB0A}</UniqueIdentifier>
    </Filter>
    <Filter Include="src\Elysium\Factories">
      <UniqueIdentifier>{931C1800-FF88-D3FA-C87C-6B5834A8F562}</UniqueIdentifier>
    </Filter>
    <Filter Include="src\Elysium\Graphics">
      <UniqueIdentifier>{E4445ED5-D0D3-E79E-79F2-FB996560F844}</UniqueIdentifier>
    </Filter>
    <Filter Include="src\Elysium\ImGui">
      <UniqueIdentifier>{4E94BFC3-BAAA-BD59-0322-497B6F778EE1}</UniqueIdentifier>
    </Filter>
    <Filter Include="src\Elysium\Logging">
      <UniqueIdentifier>{BA58CA9F-26BA-A7AD-AF27-EE5F1B88DE6C}</UniqueIdentifier>
    </Filter>
    <Filter Include="src\Elysium\Math">
      <UniqueIdentifier>{7D2F7C34-6928-9B86-925A-800B7EB27A92}</UniqueIdentifier>
    </Filter>
    <Filter Include="src\Elysium\Outlines">
      <UniqueIdentifier>{06E6654A-F274-EF13-9B93-030F870100BA}</UniqueIdentifier>
    </Filter>
    <Filter Include="src\Elysium\Pipeline">
      <UniqueIdentifier>{C9241B91-B5B3-A45A-5ED2-B8554A40B500}</UniqueIdentifier>
    </Filter>
    <Filter Include="src\Elysium\Renderer">
      <UniqueIdentifier>{4AC0F530-364F-7FFA-DF6D-93F5CBDB8FA0}</UniqueIdentifier>
    </Filter>
    <Filter Include="src\Elysium\Scene">
      <UniqueIdentifier>{418C6FC4-ADA2-6D5A-F619-F97B626F3EE2}</UniqueIdentifier>
    </Filter>
    <Filter Include="src\Elysium\Utils">
      <UniqueIdentifier>{84209DC4-F036-9B5A-39AE-267CA5036CE2}</UniqueIdentifier>
    </Filter>
    <Filter Include="src\Platform">
      <UniqueIdentifier>{21CA02E5-0D2D-9289-B6B2-CA3FA2F45D0C}</UniqueIdentifier>
    </Filter>
    <Filter Include="src\Platform\Windows">
      <UniqueIdentifier>{5B054582-4794-CE4B-F0B2-E246DC20DFF1}</UniqueIdentifier>
    </Filter>
    <Filter Include="vendor">
      <UniqueIdentifier>{B3738122-9F15-ACF8-88D0-BF4C74113349}</UniqueIdentifier>
    </Filter>
    <Filter Include="vendor\imgui">
      <UniqueIdentifier>{5D3BD0F0-499E-5F95-F223-984BDE652B18}</UniqueIdentifier>
    </Filter>
    <Filter Include="vendor\imguizmo">
      <UniqueIdentifier>{B36F5F1F-1FFB-CCE3-280C-50D8941629E4}</UniqueIdentifier>
    </Filter>
    <Filter Include="vendor\imnodes">
      <UniqueIdentifier>{11E04766-FDAD-3B6C-E641-AC92D2AE17D1}</UniqueIdentifier>
    </Filter>
    <Filter Include="vendor\stb_image">
      <UniqueIdentifier>{0DA0BA59-F998-D9AB-22CB-BE300E23B9B7}</UniqueIdentifier>
    </Filter>
  </ItemGroup>
  <ItemGroup>
    <ClInclude Include="src\Contexts\OpenGL\OpenGLBuffer.h">
      <Filter>src\Contexts\OpenGL</Filter>
    </ClInclude>
    <ClInclude Include="src\Contexts\OpenGL\OpenGLContext.h">
      <Filter>src\Contexts\OpenGL</Filter>
    </ClInclude>
    <ClInclude Include="src\Contexts\OpenGL\OpenGLFrameBuffer.h">
      <Filter>src\Contexts\OpenGL</Filter>
    </ClInclude>
    <ClInclude Include="src\Contexts\OpenGL\OpenGLGraphicsCallee.h">
      <Filter>src\Contexts\OpenGL</Filter>
    </ClInclude>
    <ClInclude Include="src\Contexts\OpenGL\OpenGLQuery.h">
      <Filter>src\Contexts\OpenGL</Filter>
    </ClInclude>
    <ClInclude Include="src\Contexts\OpenGL\OpenGLShader.h">
      <Filter>src\Contexts\OpenGL</Filter>
    </ClInclude>
    <ClInclude Include="src\Contexts\OpenGL\OpenGLShaderAssembler.h">
      <Filter>src\Contexts\OpenGL</Filter>
    </ClInclude>
    <ClInclude Include="src\Contexts\OpenGL\OpenGLTexture.h">
      <Filter>src\Contexts\OpenGL</Filter>
    </ClInclude>
    <ClInclude Include="src\Contexts\OpenGL\OpenGLTransformFeedback.h">
      <Filter>src\Contexts\OpenGL</Filter>
    </ClInclude>
    <ClInclude Include="src\Contexts\OpenGL\OpenGLUniformBuffer.h">
      <Filter>src\Contexts\OpenGL</Filter>
    </ClInclude>
    <ClInclude Include="src\Contexts\OpenGL\OpenGLVertexArray.h">
      <Filter>src\Contexts\OpenGL</Filter>
    </ClInclude>
    <ClInclude Include="src\Elysium.h">
      <Filter>src</Filter>
    </ClInclude>
    <ClInclude Include="src\Elysium\Core\Asserts.h">
      <Filter>src\Elysium\Core</Filter>
    </ClInclude>
    <ClInclude Include="src\Elysium\Core\Base.h">
      <Filter>src\Elysium\Core</Filter>
    </ClInclude>
    <ClInclude Include="src\Elysium\Core\Bits.h">
      <Filter>src\Elysium\Core</Filter>
    </ClInclude>
    <ClInclude Include="src\Elysium\Core\EntryPoint.h">
      <Filter>src\Elysium\Core</Filter>
    </ClInclude>
    <ClInclude Include="src\Elysium\Core\KeyCodes.h">
      <Filter>src\Elysium\Core</Filter>
    </ClInclude>
    <ClInclude Include="src\Elysium\Core\Macros.h">
      <Filter>src\Elysium\Core</Filter>
    </ClInclude>
    <ClInclude Include="src\Elysium\Core\Memory.h">
      <Filter>src\Elysium\Core</Filter>
    </ClInclude>
    <ClInclude Include="src\Elysium\Core\MouseCodes.h">
      <Filter>src\Elysium\Core</Filter>
    </ClInclude>
    <ClInclude Include="src\Elysium\Core\PlatformDetection.h">
      <Filter>src\Elysium\Core</Filter>
    </ClInclude>
    <ClInclude Include="src\Elysium\Core\UUIDs.h">
      <Filter>src\Elysium\Core</Filter>
    </ClInclude>
    <ClInclude Include="src\Elysium\Events\ApplicationEvent.h">
      <Filter>src\Elysium\Events</Filter>
    </ClInclude>
    <ClInclude Include="src\Elysium\Events\Event.h">
      <Filter>src\Elysium\Events</Filter>
    </ClInclude>
    <ClInclude Include="src\Elysium\Events\KeyEvent.h">
      <Filter>src\Elysium\Events</Filter>
    </ClInclude>
    <ClInclude Include="src\Elysium\Events\MouseEvent.h">
      <Filter>src\Elysium\Events</Filter>
    </ClInclude>
    <ClInclude Include="src\Elysium\Factories\ShaderFactory.h">
      <Filter>src\Elysium\Factories</Filter>
    </ClInclude>
    <ClInclude Include="src\Elysium\Graphics\Buffer.h">
      <Filter>src\Elysium\Graphics</Filter>
    </ClInclude>
    <ClInclude Include="src\Elysium\Graphics\Camera.h">
      <Filter>src\Elysium\Graphics</Filter>
    </ClInclude>
    <ClInclude Include="src\Elysium\Graphics\Constants.h">
      <Filter>src\Elysium\Graphics</Filter>
    </ClInclude>
    <ClInclude Include="src\Elysium\Graphics\CoreDefines.h">
      <Filter>src\Elysium\Graphics</Filter>
    </ClInclude>
    <ClInclude Include="src\Elysium\Graphics\FrameBuffer.h">
      <Filter>src\Elysium\Graphics</Filter>
    </ClInclude>
    <ClInclude Include="src\Elysium\Graphics\GraphicsAPI.h">
      <Filter>src\Elysium\Graphics</Filter>
    </ClInclude>
    <ClInclude Include="src\Elysium\Graphics\GraphicsCalls.h">
      <Filter>src\Elysium\Graphics</Filter>
    </ClInclude>
    <ClInclude Include="src\Elysium\Graphics\GraphicsContext.h">
      <Filter>src\Elysium\Graphics</Filter>
    </ClInclude>
    <ClInclude Include="src\Elysium\Graphics\Query.h">
      <Filter>src\Elysium\Graphics</Filter>
    </ClInclude>
    <ClInclude Include="src\Elysium\Graphics\RenderCommands.h">
      <Filter>src\Elysium\Graphics</Filter>
    </ClInclude>
    <ClInclude Include="src\Elysium\Graphics\Shader.h">
      <Filter>src\Elysium\Graphics</Filter>
    </ClInclude>
    <ClInclude Include="src\Elysium\Graphics\SubTexture2D.h">
      <Filter>src\Elysium\Graphics</Filter>
    </ClInclude>
    <ClInclude Include="src\Elysium\Graphics\Texture.h">
      <Filter>src\Elysium\Graphics</Filter>
    </ClInclude>
    <ClInclude Include="src\Elysium\Graphics\TransformFeedback.h">
      <Filter>src\Elysium\Graphics</Filter>
    </ClInclude>
    <ClInclude Include="src\Elysium\Graphics\UniformBuffer.h">
      <Filter>src\Elysium\Graphics</Filter>
    </ClInclude>
    <ClInclude Include="src\Elysium\Graphics\VertexArray.h">
      <Filter>src\Elysium\Graphics</Filter>
    </ClInclude>
    <ClInclude Include="src\Elysium\ImGui\ImGuiLayer.h">
      <Filter>src\Elysium\ImGui</Filter>
    </ClInclude>
    <ClInclude Include="src\Elysium\Logging\Instrumentor.h">
      <Filter>src\Elysium\Logging</Filter>
    </ClInclude>
    <ClInclude Include="src\Elysium\Logging\Log.h">
      <Filter>src\Elysium\Logging</Filter>
    </ClInclude>
    <ClInclude Include="src\Elysium\Math\Mat3.h">
      <Filter>src\Elysium\Math</Filter>
    </ClInclude>
    <ClInclude Include="src\Elysium\Math\Mat4.h">
      <Filter>src\Elysium\Math</Filter>
    </ClInclude>
    <ClInclude Include="src\Elysium\Math\Mat4Utils.h">
      <Filter>src\Elysium\Math</Filter>
    </ClInclude>
    <ClInclude Include="src\Elysium\Math\Maths.h">
      <Filter>src\Elysium\Math</Filter>
    </ClInclude>
    <ClInclude Include="src\Elysium\Math\MathsDefines.h">
      <Filter>src\Elysium\Math</Filter>
    </ClInclude>
    <ClInclude Include="src\Elysium\Math\MathsFuncs.h">
      <Filter>src\Elysium\Math</Filter>
    </ClInclude>
    <ClInclude Include="src\Elysium\Math\MathsUtils.h">
      <Filter>src\Elysium\Math</Filter>
    </ClInclude>
    <ClInclude Include="src\Elysium\Math\Quat.h">
      <Filter>src\Elysium\Math</Filter>
    </ClInclude>
    <ClInclude Include="src\Elysium\Math\Vec2.h">
      <Filter>src\Elysium\Math</Filter>
    </ClInclude>
    <ClInclude Include="src\Elysium\Math\Vec3.h">
      <Filter>src\Elysium\Math</Filter>
    </ClInclude>
    <ClInclude Include="src\Elysium\Math\Vec4.h">
      <Filter>src\Elysium\Math</Filter>
    </ClInclude>
    <ClInclude Include="src\Elysium\Math\iVec2.h">
      <Filter>src\Elysium\Math</Filter>
    </ClInclude>
    <ClInclude Include="src\Elysium\Math\iVec3.h">
      <Filter>src\Elysium\Math</Filter>
    </ClInclude>
    <ClInclude Include="src\Elysium\Math\iVec4.h">
      <Filter>src\Elysium\Math</Filter>
    </ClInclude>
    <ClInclude Include="src\Elysium\Outlines\Formats.h">
      <Filter>src\Elysium\Outlines</Filter>
    </ClInclude>
    <ClInclude Include="src\Elysium\Outlines\Templates.h">
      <Filter>src\Elysium\Outlines</Filter>
    </ClInclude>
    <ClInclude Include="src\Elysium\Pipeline\Application.h">
      <Filter>src\Elysium\Pipeline</Filter>
    </ClInclude>
    <ClInclude Include="src\Elysium\Pipeline\Input.h">
      <Filter>src\Elysium\Pipeline</Filter>
    </ClInclude>
    <ClInclude Include="src\Elysium\Pipeline\Layer.h">
      <Filter>src\Elysium\Pipeline</Filter>
    </ClInclude>
    <ClInclude Include="src\Elysium\Pipeline\LayerStack.h">
      <Filter>src\Elysium\Pipeline</Filter>
    </ClInclude>
    <ClInclude Include="src\Elysium\Pipeline\Window.h">
      <Filter>src\Elysium\Pipeline</Filter>
    </ClInclude>
    <ClInclude Include="src\Elysium\Renderer\Renderer2D.h">
      <Filter>src\Elysium\Renderer</Filter>
    </ClInclude>
    <ClInclude Include="src\Elysium\Renderer\RendererBase.h">
      <Filter>src\Elysium\Renderer</Filter>
    </ClInclude>
    <ClInclude Include="src\Elysium\Renderer\RendererDefines.h">
      <Filter>src\Elysium\Renderer</Filter>
    </ClInclude>
    <ClInclude Include="src\Elysium\Scene\2DComponents.h">
      <Filter>src\Elysium\Scene</Filter>
    </ClInclude>
    <ClInclude Include="src\Elysium\Scene\Components.h">
      <Filter>src\Elysium\Scene</Filter>
    </ClInclude>
    <ClInclude Include="src\Elysium\Scene\CoreUniformBuffers.h">
      <Filter>src\Elysium\Scene</Filter>
    </ClInclude>
    <ClInclude Include="src\Elysium\Scene\CoreUniformBuffersDefines.h">
      <Filter>src\Elysium\Scene</Filter>
    </ClInclude>
    <ClInclude Include="src\Elysium\Scene\Entity.h">
      <Filter>src\Elysium\Scene</Filter>
    </ClInclude>
    <ClInclude Include="src\Elysium\Scene\Scene.h">
      <Filter>src\Elysium\Scene</Filter>
    </ClInclude>
    <ClInclude Include="src\Elysium\Scene\Time.h">
      <Filter>src\Elysium\Scene</Filter>
    </ClInclude>
    <ClInclude Include="src\Elysium\Utils\FileUtils.h">
      <Filter>src\Elysium\Utils</Filter>
    </ClInclude>
    <ClInclude Include="src\Elysium\Utils\StringUtils.h">
      <Filter>src\Elysium\Utils</Filter>
    </ClInclude>
    <ClInclude Include="src\Elysium\Utils\YamlUtils.h">
      <Filter>src\Elysium\Utils</Filter>
    </ClInclude>
    <ClInclude Include="src\Platform\Windows\WindowsInput.h">
      <Filter>src\Platform\Windows</Filter>
    </ClInclude>
    <ClInclude Include="src\Platform\Windows\WindowsWindow.h">
      <Filter>src\Platform\Windows</Filter>
    </ClInclude>
    <ClInclude Include="src\elysium_pch.h">
      <Filter>src</Filter>
    </ClInclude>
    <ClInclude Include="vendor\imgui\imconfig.h">
      <Filter>vendor\imgui</Filter>
    </ClInclude>
    <ClInclude Include="vendor\imgui\imgui.h">
      <Filter>vendor\imgui</Filter>
    </ClInclude>
    <ClInclude Include="vendor\imgui\imgui_impl_glfw.h">
      <Filter>vendor\imgui</Filter>
    </ClInclude>
    <ClInclude Include="vendor\imgui\imgui_impl_opengl3.h">
      <Filter>vendor\imgui</Filter>
    </ClInclude>
    <ClInclude Include="vendor\imgui\imgui_internal.h">
      <Filter>vendor\imgui</Filter>
    </ClInclude>
    <ClInclude Include="vendor\imgui\imstb_rectpack.h">
      <Filter>vendor\imgui</Filter>
    </ClInclude>
    <ClInclude Include="vendor\imgui\imstb_textedit.h">
      <Filter>vendor\imgui</Filter>
    </ClInclude>
    <ClInclude Include="vendor\imgui\imstb_truetype.h">
      <Filter>vendor\imgui</Filter>
    </ClInclude>
    <ClInclude Include="vendor\imguizmo\ImCurveEdit.h">
      <Filter>vendor\imguizmo</Filter>
    </ClInclude>
    <ClInclude Include="vendor\imguizmo\ImGradient.h">
      <Filter>vendor\imguizmo</Filter>
    </ClInclude>
    <ClInclude Include="vendor\imguizmo\ImGuizmo.h">
      <Filter>vendor\imguizmo</Filter>
    </ClInclude>
    <ClInclude Include="vendor\imguizmo\ImSequencer.h">
      <Filter>vendor\imguizmo</Filter>
    </ClInclude>
    <ClInclude Include="vendor\imnodes\imnodes.h">
      <Filter>vendor\imnodes</Filter>
    </ClInclude>
    <ClInclude Include="vendor\imnodes\imnodes_internal.h">
      <Filter>vendor\imnodes</Filter>
    </ClInclude>
    <ClInclude Include="vendor\stb_image\stb_image.h">
      <Filter>vendor\stb_image</Filter>
    </ClInclude>
    <ClInclude Include="vendor\stb_image\stb_image_write.h">
      <Filter>vendor\stb_image</Filter>
    </ClInclude>
  </ItemGroup>
  <ItemGroup>
    <ClCompile Include="src\Contexts\OpenGL\OpenGLBuffer.cpp">
      <Filter>src\Contexts\OpenGL</Filter>
    </ClCompile>
    <ClCompile Include="src\Contexts\OpenGL\OpenGLContext.cpp">
      <Filter>src\Contexts\OpenGL</Filter>
    </ClCompile>
    <ClCompile Include="src\Contexts\OpenGL\OpenGLFrameBuffer.cpp">
      <Filter>src\Contexts\OpenGL</Filter>
    </ClCompile>
    <ClCompile Include="src\Contexts\OpenGL\OpenGLGraphicsCallee.cpp">
      <Filter>src\Contexts\OpenGL</Filter>
    </ClCompile>
    <ClCompile Include="src\Contexts\OpenGL\OpenGLQuery.cpp">
      <Filter>src\Contexts\OpenGL</Filter>
    </ClCompile>
    <ClCompile Include="src\Contexts\OpenGL\OpenGLShader.cpp">
      <Filter>src\Contexts\OpenGL</Filter>
    </ClCompile>
    <ClCompile Include="src\Contexts\OpenGL\OpenGLShaderAssembler.cpp">
      <Filter>src\Contexts\OpenGL</Filter>
    </ClCompile>
    <ClCompile Include="src\Contexts\OpenGL\OpenGLTexture.cpp">
      <Filter>src\Contexts\OpenGL</Filter>
    </ClCompile>
    <ClCompile Include="src\Contexts\OpenGL\OpenGLTransformFeedback.cpp">
      <Filter>src\Contexts\OpenGL</Filter>
    </ClCompile>
    <ClCompile Include="src\Contexts\OpenGL\OpenGLUniformBuffer.cpp">
      <Filter>src\Contexts\OpenGL</Filter>
    </ClCompile>
    <ClCompile Include="src\Contexts\OpenGL\OpenGLVertexArray.cpp">
      <Filter>src\Contexts\OpenGL</Filter>
    </ClCompile>
    <ClCompile Include="src\Elysium\Core\UUIDs.cpp">
      <Filter>src\Elysium\Core</Filter>
    </ClCompile>
    <ClCompile Include="src\Elysium\Factories\ShaderFactory.cpp">
      <Filter>src\Elysium\Factories</Filter>
    </ClCompile>
    <ClCompile Include="src\Elysium\Graphics\Buffer.cpp">
      <Filter>src\Elysium\Graphics</Filter>
    </ClCompile>
    <ClCompile Include="src\Elysium\Graphics\Camera.cpp">
      <Filter>src\Elysium\Graphics</Filter>
    </ClCompile>
    <ClCompile Include="src\Elysium\Graphics\FrameBuffer.cpp">
      <Filter>src\Elysium\Graphics</Filter>
    </ClCompile>
    <ClCompile Include="src\Elysium\Graphics\GraphicsCalls.cpp">
      <Filter>src\Elysium\Graphics</Filter>
    </ClCompile>
    <ClCompile Include="src\Elysium\Graphics\GraphicsContext.cpp">
      <Filter>src\Elysium\Graphics</Filter>
    </ClCompile>
    <ClCompile Include="src\Elysium\Graphics\Query.cpp">
      <Filter>src\Elysium\Graphics</Filter>
    </ClCompile>
    <ClCompile Include="src\Elysium\Graphics\RenderCommands.cpp">
      <Filter>src\Elysium\Graphics</Filter>
    </ClCompile>
    <ClCompile Include="src\Elysium\Graphics\SubTexture2D.cpp">
      <Filter>src\Elysium\Graphics</Filter>
    </ClCompile>
    <ClCompile Include="src\Elysium\Graphics\Texture.cpp">
      <Filter>src\Elysium\Graphics</Filter>
    </ClCompile>
    <ClCompile Include="src\Elysium\Graphics\TransformFeedback.cpp">
      <Filter>src\Elysium\Graphics</Filter>
    </ClCompile>
    <ClCompile Include="src\Elysium\Graphics\UniformBuffer.cpp">
      <Filter>src\Elysium\Graphics</Filter>
    </ClCompile>
    <ClCompile Include="src\Elysium\Graphics\VertexArray.cpp">
      <Filter>src\Elysium\Graphics</Filter>
    </ClCompile>
    <ClCompile Include="src\Elysium\ImGui\ImGuiBuild.cpp">
      <Filter>src\Elysium\ImGui</Filter>
    </ClCompile>
    <ClCompile Include="src\Elysium\ImGui\ImGuiLayer.cpp">
      <Filter>src\Elysium\ImGui</Filter>
    </ClCompile>
    <ClCompile Include="src\Elysium\Logging\Log.cpp">
      <Filter>src\Elysium\Logging</Filter>
    </ClCompile>
    <ClCompile Include="src\Elysium\Math\Mat3.cpp">
      <Filter>src\Elysium\Math</Filter>
    </ClCompile>
    <ClCompile Include="src\Elysium\Math\Mat4.cpp">
      <Filter>src\Elysium\Math</Filter>
    </ClCompile>
    <ClCompile Include="src\Elysium\Math\MathUtils.cpp">
      <Filter>src\Elysium\Math</Filter>
    </ClCompile>
    <ClCompile Include="src\Elysium\Math\Quat.cpp">
      <Filter>src\Elysium\Math</Filter>
    </ClCompile>
    <ClCompile Include="src\Elysium\Math\Vec2.cpp">
      <Filter>src\Elysium\Math</Filter>
    </ClCompile>
    <ClCompile Include="src\Elysium\Math\Vec3.cpp">
      <Filter>src\Elysium\Math</Filter>
    </ClCompile>
    <ClCompile Include="src\Elysium\Math\Vec4.cpp">
      <Filter>src\Elysium\Math</Filter>
    </ClCompile>
    <ClCompile Include="src\Elysium\Math\iVec2.cpp">
      <Filter>src\Elysium\Math</Filter>
    </ClCompile>
    <ClCompile Include="src\Elysium\Math\iVec3.cpp">
      <Filter>src\Elysium\Math</Filter>
    </ClCompile>
    <ClCompile Include="src\Elysium\Math\iVec4.cpp">
      <Filter>src\Elysium\Math</Filter>
    </ClCompile>
    <ClCompile Include="src\Elysium\Outlines\Templates.cpp">
      <Filter>src\Elysium\Outlines</Filter>
    </ClCompile>
    <ClCompile Include="src\Elysium\Pipeline\Application.cpp">
      <Filter>src\Elysium\Pipeline</Filter>
    </ClCompile>
    <ClCompile Include="src\Elysium\Pipeline\Layer.cpp">
      <Filter>src\Elysium\Pipeline</Filter>
    </ClCompile>
    <ClCompile Include="src\Elysium\Pipeline\LayerStack.cpp">
      <Filter>src\Elysium\Pipeline</Filter>
    </ClCompile>
    <ClCompile Include="src\Elysium\Renderer\Renderer2D.cpp">
      <Filter>src\Elysium\Renderer</Filter>
    </ClCompile>
    <ClCompile Include="src\Elysium\Renderer\RendererBase.cpp">
      <Filter>src\Elysium\Renderer</Filter>
    </ClCompile>
    <ClCompile Include="src\Elysium\Scene\2DComponents.cpp">
      <Filter>src\Elysium\Scene</Filter>
    </ClCompile>
    <ClCompile Include="src\Elysium\Scene\Components.cpp">
      <Filter>src\Elysium\Scene</Filter>
    </ClCompile>
    <ClCompile Include="src\Elysium\Scene\CoreUniformBuffers.cpp">
      <Filter>src\Elysium\Scene</Filter>
    </ClCompile>
    <ClCompile Include="src\Elysium\Scene\Entity.cpp">
      <Filter>src\Elysium\Scene</Filter>
    </ClCompile>
    <ClCompile Include="src\Elysium\Scene\Scene.cpp">
      <Filter>src\Elysium\Scene</Filter>
    </ClCompile>
    <ClCompile Include="src\Elysium\Scene\Time.cpp">
      <Filter>src\Elysium\Scene</Filter>
    </ClCompile>
    <ClCompile Include="src\Elysium\Utils\StringUtils.cpp">
      <Filter>src\Elysium\Utils</Filter>
    </ClCompile>
    <ClCompile Include="src\Elysium\Utils\YamlUtils.cpp">
      <Filter>src\Elysium\Utils</Filter>
    </ClCompile>
    <ClCompile Include="src\Platform\Windows\WindowsFileUtils.cpp">
      <Filter>src\Platform\Windows</Filter>
    </ClCompile>
    <ClCompile Include="src\Platform\Windows\WindowsInput.cpp">
      <Filter>src\Platform\Windows</Filter>
    </ClCompile>
    <ClCompile Include="src\Platform\Windows\WindowsWindow.cpp">
      <Filter>src\Platform\Windows</Filter>
    </ClCompile>
    <ClCompile Include="src\elysium_pch.cpp">
      <Filter>src</Filter>
    </ClCompile>
    <ClCompile Include="vendor\imgui\imgui.cpp">
      <Filter>vendor\imgui</Filter>
    </ClCompile>
    <ClCompile Include="vendor\imgui\imgui_demo.cpp">
      <Filter>vendor\imgui</Filter>
    </ClCompile>
    <ClCompile Include="vendor\imgui\imgui_draw.cpp">
      <Filter>vendor\imgui</Filter>
    </ClCompile>
    <ClCompile Include="vendor\imgui\imgui_impl_glfw.cpp">
      <Filter>vendor\imgui</Filter>
    </ClCompile>
    <ClCompile Include="vendor\imgui\imgui_impl_opengl3.cpp">
      <Filter>vendor\imgui</Filter>
    </ClCompile>
    <ClCompile Include="vendor\imgui\imgui_widgets.cpp">
      <Filter>vendor\imgui</Filter>
    </ClCompile>
    <ClCompile Include="vendor\imguizmo\ImCurveEdit.cpp">
      <Filter>vendor\imguizmo</Filter>
    </ClCompile>
    <ClCompile Include="vendor\imguizmo\ImGradient.cpp">
      <Filter>vendor\imguizmo</Filter>
    </ClCompile>
    <ClCompile Include="vendor\imguizmo\ImGuizmo.cpp">
      <Filter>vendor\imguizmo</Filter>
    </ClCompile>
    <ClCompile Include="vendor\imguizmo\ImSequencer.cpp">
      <Filter>vendor\imguizmo</Filter>
    </ClCompile>
    <ClCompile Include="vendor\imnodes\imnodes.cpp">
      <Filter>vendor\imnodes</Filter>
    </ClCompile>
    <ClCompile Include="vendor\stb_image\stb_image.cpp">
      <Filter>vendor\stb_image</Filter>
    </ClCompile>
  </ItemGroup>
  <ItemGroup>
    <None Include="vendor\imgui\ImGui.vcxproj">
      <Filter>vendor\imgui</Filter>
    </None>
    <None Include="vendor\imgui\LICENSE.txt">
      <Filter>vendor\imgui</Filter>
    </None>
    <None Include="vendor\imgui\premake5.lua">
      <Filter>vendor\imgui</Filter>
    </None>
    <None Include="vendor\imguizmo\ImGuizmo.vcxproj">
      <Filter>vendor\imguizmo</Filter>
    </None>
    <None Include="vendor\imguizmo\LICENSE">
      <Filter>vendor\imguizmo</Filter>
    </None>
    <None Include="vendor\imguizmo\premake5.lua">
      <Filter>vendor\imguizmo</Filter>
    </None>
    <None Include="vendor\imnodes\ImNodes.vcxproj">
      <Filter>vendor\imnodes</Filter>
    </None>
    <None Include="vendor\imnodes\premake5.lua">
      <Filter>vendor\imnodes</Filter>
    </None>
  </ItemGroup>
</Project>